// !$*UTF8*$!
{
	archiveVersion = 1;
	classes = {
	};
	objectVersion = 77;
	objects = {

/* Begin PBXBuildFile section */
		C506981A2CEA598500341A50 /* APIEventLogger.swift in Sources */ = {isa = PBXBuildFile; fileRef = C50698132CEA598500341A50 /* APIEventLogger.swift */; };
		C506981B2CEA598500341A50 /* HTTPHeaderField.swift in Sources */ = {isa = PBXBuildFile; fileRef = C50698162CEA598500341A50 /* HTTPHeaderField.swift */; };
		C506981C2CEA598500341A50 /* NetworkResult.swift in Sources */ = {isa = PBXBuildFile; fileRef = C50698182CEA598500341A50 /* NetworkResult.swift */; };
		C506981D2CEA598500341A50 /* CommonResponse.swift in Sources */ = {isa = PBXBuildFile; fileRef = C50698152CEA598500341A50 /* CommonResponse.swift */; };
		C506981E2CEA598500341A50 /* TargetType.swift in Sources */ = {isa = PBXBuildFile; fileRef = C50698192CEA598500341A50 /* TargetType.swift */; };
		C506981F2CEA598500341A50 /* APIConstants.swift in Sources */ = {isa = PBXBuildFile; fileRef = C50698122CEA598500341A50 /* APIConstants.swift */; };
		C50698202CEA598500341A50 /* BaseAPI.swift in Sources */ = {isa = PBXBuildFile; fileRef = C50698142CEA598500341A50 /* BaseAPI.swift */; };
		C50698252CEA69F900341A50 /* Data+Extensions.swift in Sources */ = {isa = PBXBuildFile; fileRef = C50698242CEA69F900341A50 /* Data+Extensions.swift */; };
		C514FE012CF994A700183044 /* CompareSheetViewModel.swift in Sources */ = {isa = PBXBuildFile; fileRef = C514FE002CF994A700183044 /* CompareSheetViewModel.swift */; };
		C514FE032CF994E300183044 /* CompareSheetModel.swift in Sources */ = {isa = PBXBuildFile; fileRef = C514FE022CF994E300183044 /* CompareSheetModel.swift */; };
		C514FE052CF9986200183044 /* CompareSheetDTO.swift in Sources */ = {isa = PBXBuildFile; fileRef = C514FE042CF9986200183044 /* CompareSheetDTO.swift */; };
		C514FE072CF99A2800183044 /* CompareSheetAPI.swift in Sources */ = {isa = PBXBuildFile; fileRef = C514FE062CF99A2800183044 /* CompareSheetAPI.swift */; };
		C514FE2B2CF9EB9600183044 /* CompareSheetListCell.swift in Sources */ = {isa = PBXBuildFile; fileRef = C514FE2A2CF9EB9600183044 /* CompareSheetListCell.swift */; };
		C52CE1262CD7952E00C6D09A /* ContentView.swift in Sources */ = {isa = PBXBuildFile; fileRef = C52CE11F2CD7952E00C6D09A /* ContentView.swift */; };
		C52CE1272CD7952E00C6D09A /* PerfuinderApp.swift in Sources */ = {isa = PBXBuildFile; fileRef = C52CE1202CD7952E00C6D09A /* PerfuinderApp.swift */; };
		C52CE1282CD7952E00C6D09A /* Assets.xcassets in Resources */ = {isa = PBXBuildFile; fileRef = C52CE11E2CD7952E00C6D09A /* Assets.xcassets */; };
		C52CE1292CD7952E00C6D09A /* Preview Assets.xcassets in Resources */ = {isa = PBXBuildFile; fileRef = C52CE11C2CD7952E00C6D09A /* Preview Assets.xcassets */; };
		C56311432CEBA1A50028E0F2 /* HomeResponse.swift in Sources */ = {isa = PBXBuildFile; fileRef = C56311422CEBA1A10028E0F2 /* HomeResponse.swift */; };
		C56311532CEBB1B90028E0F2 /* HomeService.swift in Sources */ = {isa = PBXBuildFile; fileRef = C56311522CEBB1B90028E0F2 /* HomeService.swift */; };
		C56311562CEBB2A10028E0F2 /* HomeAPI.swift in Sources */ = {isa = PBXBuildFile; fileRef = C56311552CEBB2A10028E0F2 /* HomeAPI.swift */; };
		C563119E2CEBC6F80028E0F2 /* Recommend.swift in Sources */ = {isa = PBXBuildFile; fileRef = C563119D2CEBC6F80028E0F2 /* Recommend.swift */; };
		C56311A02CEBC70B0028E0F2 /* ImageSearchViewModel.swift in Sources */ = {isa = PBXBuildFile; fileRef = C563119F2CEBC70B0028E0F2 /* ImageSearchViewModel.swift */; };
		C56311A42CED8B620028E0F2 /* ImageSearchResponse.swift in Sources */ = {isa = PBXBuildFile; fileRef = C56311A32CED8B620028E0F2 /* ImageSearchResponse.swift */; };
		C56311A72CED8BFA0028E0F2 /* ImageSearchService.swift in Sources */ = {isa = PBXBuildFile; fileRef = C56311A62CED8BFA0028E0F2 /* ImageSearchService.swift */; };
		C56311A92CED8EEA0028E0F2 /* ImageSearchAPI.swift in Sources */ = {isa = PBXBuildFile; fileRef = C56311A82CED8EEA0028E0F2 /* ImageSearchAPI.swift */; };
		C56311AB2CEE5B850028E0F2 /* CustomSearchModel.swift in Sources */ = {isa = PBXBuildFile; fileRef = C56311AA2CEE5B850028E0F2 /* CustomSearchModel.swift */; };
		C56311AE2CEE63260028E0F2 /* WrapLayout.swift in Sources */ = {isa = PBXBuildFile; fileRef = C56311AD2CEE63260028E0F2 /* WrapLayout.swift */; };
		C578A40B2CEA217B00636B45 /* NormalSearch.swift in Sources */ = {isa = PBXBuildFile; fileRef = C578A40A2CEA217B00636B45 /* NormalSearch.swift */; };
		C57C0B362CFA2C8200A50283 /* FavoritePerfumeDTO.swift in Sources */ = {isa = PBXBuildFile; fileRef = C57C0B352CFA2C8200A50283 /* FavoritePerfumeDTO.swift */; };
		C59BC2002CE9EBC8009513DA /* PerfumeInfo.swift in Sources */ = {isa = PBXBuildFile; fileRef = C59BC1FF2CE9EBC8009513DA /* PerfumeInfo.swift */; };
		C59BC2062CE9EC84009513DA /* MyPage.swift in Sources */ = {isa = PBXBuildFile; fileRef = C59BC2052CE9EC84009513DA /* MyPage.swift */; };
		C59BC20C2CE9F1FB009513DA /* ImageSearch.swift in Sources */ = {isa = PBXBuildFile; fileRef = C59BC20B2CE9F1FB009513DA /* ImageSearch.swift */; };
		C59BC20E2CE9F21A009513DA /* CustomSearch.swift in Sources */ = {isa = PBXBuildFile; fileRef = C59BC20D2CE9F21A009513DA /* CustomSearch.swift */; };
		C5E91A582CEF52E800F2FDA3 /* KeyboardDismiss.swift in Sources */ = {isa = PBXBuildFile; fileRef = C5E91A572CEF52DD00F2FDA3 /* KeyboardDismiss.swift */; };
		C5E91A5D2CEF81AA00F2FDA3 /* CustomSearchRequest.swift in Sources */ = {isa = PBXBuildFile; fileRef = C5E91A5C2CEF81AA00F2FDA3 /* CustomSearchRequest.swift */; };
		C5E91A702CF1C7A700F2FDA3 /* CustomSearchResponse.swift in Sources */ = {isa = PBXBuildFile; fileRef = C5E91A6F2CF1C7A700F2FDA3 /* CustomSearchResponse.swift */; };
		C5E91A722CF1C8E600F2FDA3 /* CustomSearchService.swift in Sources */ = {isa = PBXBuildFile; fileRef = C5E91A712CF1C8E600F2FDA3 /* CustomSearchService.swift */; };
		C5E91A742CF1CF1000F2FDA3 /* CustomSearchAPI.swift in Sources */ = {isa = PBXBuildFile; fileRef = C5E91A732CF1CF1000F2FDA3 /* CustomSearchAPI.swift */; };
		C5E91A762CF1CFC700F2FDA3 /* RecommendViewModel.swift in Sources */ = {isa = PBXBuildFile; fileRef = C5E91A752CF1CFC700F2FDA3 /* RecommendViewModel.swift */; };
		C5E91A782CF1D9E200F2FDA3 /* CustomSearchViewModel.swift in Sources */ = {isa = PBXBuildFile; fileRef = C5E91A772CF1D9E200F2FDA3 /* CustomSearchViewModel.swift */; };
		C5E91A7C2CF240C600F2FDA3 /* PureToken.swift in Sources */ = {isa = PBXBuildFile; fileRef = C5E91A7B2CF240C600F2FDA3 /* PureToken.swift */; };
		C5E91A8F2CF31DEA00F2FDA3 /* PageIndicator.swift in Sources */ = {isa = PBXBuildFile; fileRef = C5E91A8E2CF31DEA00F2FDA3 /* PageIndicator.swift */; };
		C5E91A972CF35F1700F2FDA3 /* CompareSheet.swift in Sources */ = {isa = PBXBuildFile; fileRef = C5E91A962CF35F1700F2FDA3 /* CompareSheet.swift */; };
		C5E91A9B2CF36C5000F2FDA3 /* FavoriteService.swift in Sources */ = {isa = PBXBuildFile; fileRef = C5E91A9A2CF36C5000F2FDA3 /* FavoriteService.swift */; };
		C5E91A9D2CF36E7800F2FDA3 /* FavoriteAPI.swift in Sources */ = {isa = PBXBuildFile; fileRef = C5E91A9C2CF36E7800F2FDA3 /* FavoriteAPI.swift */; };
		C5E91AA12CF3A60500F2FDA3 /* Compare.swift in Sources */ = {isa = PBXBuildFile; fileRef = C5E91AA02CF3A60400F2FDA3 /* Compare.swift */; };
		C5E91AA32CF3A66D00F2FDA3 /* CompareViewModel.swift in Sources */ = {isa = PBXBuildFile; fileRef = C5E91AA22CF3A66D00F2FDA3 /* CompareViewModel.swift */; };
		C5E91AA52CF3AB6400F2FDA3 /* CompareModel.swift in Sources */ = {isa = PBXBuildFile; fileRef = C5E91AA42CF3AB6400F2FDA3 /* CompareModel.swift */; };
		C5E91AA72CF3AC2800F2FDA3 /* GlobalEnums.swift in Sources */ = {isa = PBXBuildFile; fileRef = C5E91AA62CF3AC1F00F2FDA3 /* GlobalEnums.swift */; };
		C5E91ABB2CF8BA1700F2FDA3 /* ComparePerfumeDTO.swift in Sources */ = {isa = PBXBuildFile; fileRef = C5E91ABA2CF8B9C100F2FDA3 /* ComparePerfumeDTO.swift */; };
		C5E91ABE2CF8C97100F2FDA3 /* CompareService.swift in Sources */ = {isa = PBXBuildFile; fileRef = C5E91ABD2CF8C96E00F2FDA3 /* CompareService.swift */; };
		C5E91AC12CF8CA0300F2FDA3 /* CompareAPI.swift in Sources */ = {isa = PBXBuildFile; fileRef = C5E91AC02CF8CA0300F2FDA3 /* CompareAPI.swift */; };
		C5FEB1162CDE87E8007798C5 /* HomeModel.swift in Sources */ = {isa = PBXBuildFile; fileRef = C5FEB1152CDE87E8007798C5 /* HomeModel.swift */; };
		C5FEB1562CE1E40F007798C5 /* Home.swift in Sources */ = {isa = PBXBuildFile; fileRef = C5FEB1552CE1E40F007798C5 /* Home.swift */; };
		C5FEB1582CE1E598007798C5 /* HomeListCell.swift in Sources */ = {isa = PBXBuildFile; fileRef = C5FEB1572CE1E598007798C5 /* HomeListCell.swift */; };
		C5FEB15A2CE1E986007798C5 /* URLImage.swift in Sources */ = {isa = PBXBuildFile; fileRef = C5FEB1592CE1E986007798C5 /* URLImage.swift */; };
		C5FEB15C2CE1EA81007798C5 /* HomeViewModel.swift in Sources */ = {isa = PBXBuildFile; fileRef = C5FEB15B2CE1EA81007798C5 /* HomeViewModel.swift */; };
		C5FEB15F2CE1EC9D007798C5 /* Alamofire in Frameworks */ = {isa = PBXBuildFile; productRef = C5FEB15E2CE1EC9D007798C5 /* Alamofire */; };
/* End PBXBuildFile section */

/* Begin PBXContainerItemProxy section */
		C5FDC9E02CCEA22B00DD23F0 /* PBXContainerItemProxy */ = {
			isa = PBXContainerItemProxy;
			containerPortal = C5FDC9C72CCEA22900DD23F0 /* Project object */;
			proxyType = 1;
			remoteGlobalIDString = C5FDC9CE2CCEA22900DD23F0;
			remoteInfo = Perfuinder;
		};
		C5FDC9EA2CCEA22B00DD23F0 /* PBXContainerItemProxy */ = {
			isa = PBXContainerItemProxy;
			containerPortal = C5FDC9C72CCEA22900DD23F0 /* Project object */;
			proxyType = 1;
			remoteGlobalIDString = C5FDC9CE2CCEA22900DD23F0;
			remoteInfo = Perfuinder;
		};
/* End PBXContainerItemProxy section */

/* Begin PBXFileReference section */
		C50698122CEA598500341A50 /* APIConstants.swift */ = {isa = PBXFileReference; lastKnownFileType = sourcecode.swift; path = APIConstants.swift; sourceTree = "<group>"; };
		C50698132CEA598500341A50 /* APIEventLogger.swift */ = {isa = PBXFileReference; lastKnownFileType = sourcecode.swift; path = APIEventLogger.swift; sourceTree = "<group>"; };
		C50698142CEA598500341A50 /* BaseAPI.swift */ = {isa = PBXFileReference; lastKnownFileType = sourcecode.swift; path = BaseAPI.swift; sourceTree = "<group>"; };
		C50698152CEA598500341A50 /* CommonResponse.swift */ = {isa = PBXFileReference; lastKnownFileType = sourcecode.swift; path = CommonResponse.swift; sourceTree = "<group>"; };
		C50698162CEA598500341A50 /* HTTPHeaderField.swift */ = {isa = PBXFileReference; lastKnownFileType = sourcecode.swift; path = HTTPHeaderField.swift; sourceTree = "<group>"; };
		C50698182CEA598500341A50 /* NetworkResult.swift */ = {isa = PBXFileReference; lastKnownFileType = sourcecode.swift; path = NetworkResult.swift; sourceTree = "<group>"; };
		C50698192CEA598500341A50 /* TargetType.swift */ = {isa = PBXFileReference; lastKnownFileType = sourcecode.swift; path = TargetType.swift; sourceTree = "<group>"; };
		C50698242CEA69F900341A50 /* Data+Extensions.swift */ = {isa = PBXFileReference; lastKnownFileType = sourcecode.swift; path = "Data+Extensions.swift"; sourceTree = "<group>"; };
		C514FE002CF994A700183044 /* CompareSheetViewModel.swift */ = {isa = PBXFileReference; lastKnownFileType = sourcecode.swift; path = CompareSheetViewModel.swift; sourceTree = "<group>"; };
		C514FE022CF994E300183044 /* CompareSheetModel.swift */ = {isa = PBXFileReference; lastKnownFileType = sourcecode.swift; path = CompareSheetModel.swift; sourceTree = "<group>"; };
		C514FE042CF9986200183044 /* CompareSheetDTO.swift */ = {isa = PBXFileReference; lastKnownFileType = sourcecode.swift; path = CompareSheetDTO.swift; sourceTree = "<group>"; };
		C514FE062CF99A2800183044 /* CompareSheetAPI.swift */ = {isa = PBXFileReference; lastKnownFileType = sourcecode.swift; path = CompareSheetAPI.swift; sourceTree = "<group>"; };
		C514FE2A2CF9EB9600183044 /* CompareSheetListCell.swift */ = {isa = PBXFileReference; lastKnownFileType = sourcecode.swift; path = CompareSheetListCell.swift; sourceTree = "<group>"; };
		C514FE3D2CF9F61C00183044 /* Info.plist */ = {isa = PBXFileReference; lastKnownFileType = text.plist; path = Info.plist; sourceTree = "<group>"; };
		C52CE11C2CD7952E00C6D09A /* Preview Assets.xcassets */ = {isa = PBXFileReference; lastKnownFileType = folder.assetcatalog; path = "Preview Assets.xcassets"; sourceTree = "<group>"; };
		C52CE11E2CD7952E00C6D09A /* Assets.xcassets */ = {isa = PBXFileReference; lastKnownFileType = folder.assetcatalog; path = Assets.xcassets; sourceTree = "<group>"; };
		C52CE11F2CD7952E00C6D09A /* ContentView.swift */ = {isa = PBXFileReference; lastKnownFileType = sourcecode.swift; path = ContentView.swift; sourceTree = "<group>"; };
		C52CE1202CD7952E00C6D09A /* PerfuinderApp.swift */ = {isa = PBXFileReference; lastKnownFileType = sourcecode.swift; path = PerfuinderApp.swift; sourceTree = "<group>"; };
		C56311422CEBA1A10028E0F2 /* HomeResponse.swift */ = {isa = PBXFileReference; lastKnownFileType = sourcecode.swift; path = HomeResponse.swift; sourceTree = "<group>"; };
		C56311522CEBB1B90028E0F2 /* HomeService.swift */ = {isa = PBXFileReference; lastKnownFileType = sourcecode.swift; path = HomeService.swift; sourceTree = "<group>"; };
		C56311552CEBB2A10028E0F2 /* HomeAPI.swift */ = {isa = PBXFileReference; lastKnownFileType = sourcecode.swift; path = HomeAPI.swift; sourceTree = "<group>"; };
		C563119D2CEBC6F80028E0F2 /* Recommend.swift */ = {isa = PBXFileReference; lastKnownFileType = sourcecode.swift; path = Recommend.swift; sourceTree = "<group>"; };
		C563119F2CEBC70B0028E0F2 /* ImageSearchViewModel.swift */ = {isa = PBXFileReference; lastKnownFileType = sourcecode.swift; path = ImageSearchViewModel.swift; sourceTree = "<group>"; };
		C56311A32CED8B620028E0F2 /* ImageSearchResponse.swift */ = {isa = PBXFileReference; lastKnownFileType = sourcecode.swift; path = ImageSearchResponse.swift; sourceTree = "<group>"; };
		C56311A62CED8BFA0028E0F2 /* ImageSearchService.swift */ = {isa = PBXFileReference; lastKnownFileType = sourcecode.swift; path = ImageSearchService.swift; sourceTree = "<group>"; };
		C56311A82CED8EEA0028E0F2 /* ImageSearchAPI.swift */ = {isa = PBXFileReference; lastKnownFileType = sourcecode.swift; path = ImageSearchAPI.swift; sourceTree = "<group>"; };
		C56311AA2CEE5B850028E0F2 /* CustomSearchModel.swift */ = {isa = PBXFileReference; lastKnownFileType = sourcecode.swift; path = CustomSearchModel.swift; sourceTree = "<group>"; };
		C56311AD2CEE63260028E0F2 /* WrapLayout.swift */ = {isa = PBXFileReference; lastKnownFileType = sourcecode.swift; path = WrapLayout.swift; sourceTree = "<group>"; };
		C578A40A2CEA217B00636B45 /* NormalSearch.swift */ = {isa = PBXFileReference; lastKnownFileType = sourcecode.swift; path = NormalSearch.swift; sourceTree = "<group>"; };
		C57C0B352CFA2C8200A50283 /* FavoritePerfumeDTO.swift */ = {isa = PBXFileReference; lastKnownFileType = sourcecode.swift; path = FavoritePerfumeDTO.swift; sourceTree = "<group>"; };
		C59BC1FF2CE9EBC8009513DA /* PerfumeInfo.swift */ = {isa = PBXFileReference; lastKnownFileType = sourcecode.swift; path = PerfumeInfo.swift; sourceTree = "<group>"; };
		C59BC2052CE9EC84009513DA /* MyPage.swift */ = {isa = PBXFileReference; lastKnownFileType = sourcecode.swift; path = MyPage.swift; sourceTree = "<group>"; };
		C59BC20B2CE9F1FB009513DA /* ImageSearch.swift */ = {isa = PBXFileReference; lastKnownFileType = sourcecode.swift; path = ImageSearch.swift; sourceTree = "<group>"; };
		C59BC20D2CE9F21A009513DA /* CustomSearch.swift */ = {isa = PBXFileReference; lastKnownFileType = sourcecode.swift; path = CustomSearch.swift; sourceTree = "<group>"; };
		C5E91A572CEF52DD00F2FDA3 /* KeyboardDismiss.swift */ = {isa = PBXFileReference; lastKnownFileType = sourcecode.swift; path = KeyboardDismiss.swift; sourceTree = "<group>"; };
		C5E91A5C2CEF81AA00F2FDA3 /* CustomSearchRequest.swift */ = {isa = PBXFileReference; lastKnownFileType = sourcecode.swift; path = CustomSearchRequest.swift; sourceTree = "<group>"; };
		C5E91A6F2CF1C7A700F2FDA3 /* CustomSearchResponse.swift */ = {isa = PBXFileReference; lastKnownFileType = sourcecode.swift; path = CustomSearchResponse.swift; sourceTree = "<group>"; };
		C5E91A712CF1C8E600F2FDA3 /* CustomSearchService.swift */ = {isa = PBXFileReference; lastKnownFileType = sourcecode.swift; path = CustomSearchService.swift; sourceTree = "<group>"; };
		C5E91A732CF1CF1000F2FDA3 /* CustomSearchAPI.swift */ = {isa = PBXFileReference; lastKnownFileType = sourcecode.swift; path = CustomSearchAPI.swift; sourceTree = "<group>"; };
		C5E91A752CF1CFC700F2FDA3 /* RecommendViewModel.swift */ = {isa = PBXFileReference; lastKnownFileType = sourcecode.swift; path = RecommendViewModel.swift; sourceTree = "<group>"; };
		C5E91A772CF1D9E200F2FDA3 /* CustomSearchViewModel.swift */ = {isa = PBXFileReference; lastKnownFileType = sourcecode.swift; path = CustomSearchViewModel.swift; sourceTree = "<group>"; };
		C5E91A7B2CF240C600F2FDA3 /* PureToken.swift */ = {isa = PBXFileReference; lastKnownFileType = sourcecode.swift; path = PureToken.swift; sourceTree = "<group>"; };
		C5E91A8E2CF31DEA00F2FDA3 /* PageIndicator.swift */ = {isa = PBXFileReference; lastKnownFileType = sourcecode.swift; path = PageIndicator.swift; sourceTree = "<group>"; };
		C5E91A962CF35F1700F2FDA3 /* CompareSheet.swift */ = {isa = PBXFileReference; lastKnownFileType = sourcecode.swift; path = CompareSheet.swift; sourceTree = "<group>"; };
		C5E91A9A2CF36C5000F2FDA3 /* FavoriteService.swift */ = {isa = PBXFileReference; lastKnownFileType = sourcecode.swift; path = FavoriteService.swift; sourceTree = "<group>"; };
		C5E91A9C2CF36E7800F2FDA3 /* FavoriteAPI.swift */ = {isa = PBXFileReference; lastKnownFileType = sourcecode.swift; path = FavoriteAPI.swift; sourceTree = "<group>"; };
		C5E91AA02CF3A60400F2FDA3 /* Compare.swift */ = {isa = PBXFileReference; lastKnownFileType = sourcecode.swift; path = Compare.swift; sourceTree = "<group>"; };
		C5E91AA22CF3A66D00F2FDA3 /* CompareViewModel.swift */ = {isa = PBXFileReference; lastKnownFileType = sourcecode.swift; path = CompareViewModel.swift; sourceTree = "<group>"; };
		C5E91AA42CF3AB6400F2FDA3 /* CompareModel.swift */ = {isa = PBXFileReference; lastKnownFileType = sourcecode.swift; path = CompareModel.swift; sourceTree = "<group>"; };
		C5E91AA62CF3AC1F00F2FDA3 /* GlobalEnums.swift */ = {isa = PBXFileReference; lastKnownFileType = sourcecode.swift; path = GlobalEnums.swift; sourceTree = "<group>"; };
		C5E91ABA2CF8B9C100F2FDA3 /* ComparePerfumeDTO.swift */ = {isa = PBXFileReference; lastKnownFileType = sourcecode.swift; path = ComparePerfumeDTO.swift; sourceTree = "<group>"; };
		C5E91ABD2CF8C96E00F2FDA3 /* CompareService.swift */ = {isa = PBXFileReference; lastKnownFileType = sourcecode.swift; path = CompareService.swift; sourceTree = "<group>"; };
		C5E91AC02CF8CA0300F2FDA3 /* CompareAPI.swift */ = {isa = PBXFileReference; lastKnownFileType = sourcecode.swift; path = CompareAPI.swift; sourceTree = "<group>"; };
		C5FDC9CF2CCEA22900DD23F0 /* Perfuinder.app */ = {isa = PBXFileReference; explicitFileType = wrapper.application; includeInIndex = 0; path = Perfuinder.app; sourceTree = BUILT_PRODUCTS_DIR; };
		C5FDC9DF2CCEA22B00DD23F0 /* PerfuinderTests.xctest */ = {isa = PBXFileReference; explicitFileType = wrapper.cfbundle; includeInIndex = 0; path = PerfuinderTests.xctest; sourceTree = BUILT_PRODUCTS_DIR; };
		C5FDC9E92CCEA22B00DD23F0 /* PerfuinderUITests.xctest */ = {isa = PBXFileReference; explicitFileType = wrapper.cfbundle; includeInIndex = 0; path = PerfuinderUITests.xctest; sourceTree = BUILT_PRODUCTS_DIR; };
		C5FEB1152CDE87E8007798C5 /* HomeModel.swift */ = {isa = PBXFileReference; lastKnownFileType = sourcecode.swift; path = HomeModel.swift; sourceTree = "<group>"; };
		C5FEB1552CE1E40F007798C5 /* Home.swift */ = {isa = PBXFileReference; lastKnownFileType = sourcecode.swift; path = Home.swift; sourceTree = "<group>"; };
		C5FEB1572CE1E598007798C5 /* HomeListCell.swift */ = {isa = PBXFileReference; lastKnownFileType = sourcecode.swift; path = HomeListCell.swift; sourceTree = "<group>"; };
		C5FEB1592CE1E986007798C5 /* URLImage.swift */ = {isa = PBXFileReference; lastKnownFileType = sourcecode.swift; path = URLImage.swift; sourceTree = "<group>"; };
		C5FEB15B2CE1EA81007798C5 /* HomeViewModel.swift */ = {isa = PBXFileReference; lastKnownFileType = sourcecode.swift; path = HomeViewModel.swift; sourceTree = "<group>"; };
/* End PBXFileReference section */

/* Begin PBXFileSystemSynchronizedRootGroup section */
		C5FDC9E22CCEA22B00DD23F0 /* PerfuinderTests */ = {
			isa = PBXFileSystemSynchronizedRootGroup;
			path = PerfuinderTests;
			sourceTree = "<group>";
		};
		C5FDC9EC2CCEA22B00DD23F0 /* PerfuinderUITests */ = {
			isa = PBXFileSystemSynchronizedRootGroup;
			path = PerfuinderUITests;
			sourceTree = "<group>";
		};
/* End PBXFileSystemSynchronizedRootGroup section */

/* Begin PBXFrameworksBuildPhase section */
		C5FDC9CC2CCEA22900DD23F0 /* Frameworks */ = {
			isa = PBXFrameworksBuildPhase;
			buildActionMask = 2147483647;
			files = (
				C5FEB15F2CE1EC9D007798C5 /* Alamofire in Frameworks */,
			);
			runOnlyForDeploymentPostprocessing = 0;
		};
		C5FDC9DC2CCEA22B00DD23F0 /* Frameworks */ = {
			isa = PBXFrameworksBuildPhase;
			buildActionMask = 2147483647;
			files = (
			);
			runOnlyForDeploymentPostprocessing = 0;
		};
		C5FDC9E62CCEA22B00DD23F0 /* Frameworks */ = {
			isa = PBXFrameworksBuildPhase;
			buildActionMask = 2147483647;
			files = (
			);
			runOnlyForDeploymentPostprocessing = 0;
		};
/* End PBXFrameworksBuildPhase section */

/* Begin PBXGroup section */
		C50698222CEA604D00341A50 /* Request */ = {
			isa = PBXGroup;
			children = (
				C5E91A5A2CEF812800F2FDA3 /* Search */,
			);
			path = Request;
			sourceTree = "<group>";
		};
		C50698232CEA605700341A50 /* Response */ = {
			isa = PBXGroup;
			children = (
				C56311412CEBA1860028E0F2 /* Home */,
				C56311A22CED8B220028E0F2 /* Search */,
				C5E91AB92CF8B9B900F2FDA3 /* Compare */,
				C57C0B342CFA2C4700A50283 /* Favorite */,
			);
			path = Response;
			sourceTree = "<group>";
		};
		C52CE11D2CD7952E00C6D09A /* Preview Content */ = {
			isa = PBXGroup;
			children = (
				C52CE11C2CD7952E00C6D09A /* Preview Assets.xcassets */,
			);
			path = "Preview Content";
			sourceTree = "<group>";
		};
		C52CE1212CD7952E00C6D09A /* Perfuinder */ = {
			isa = PBXGroup;
			children = (
				C514FE3D2CF9F61C00183044 /* Info.plist */,
				C52CE11D2CD7952E00C6D09A /* Preview Content */,
				C5FEB0F62CDE775F007798C5 /* Global */,
				C52CE11E2CD7952E00C6D09A /* Assets.xcassets */,
				C5FEB0F72CDE7765007798C5 /* Network */,
				C5FEB0F82CDE776A007798C5 /* Presentation */,
			);
			path = Perfuinder;
			sourceTree = "<group>";
		};
		C52CE12A2CD7953800C6D09A /* Home */ = {
			isa = PBXGroup;
			children = (
				C5FEB1142CDE87CC007798C5 /* Model */,
				C5FEB1132CDE87C9007798C5 /* View */,
				C5FEB1122CDE87C3007798C5 /* ViewModel */,
				C5FEB1112CDE87BD007798C5 /* Helper */,
			);
			path = Home;
			sourceTree = "<group>";
		};
		C52CE12B2CD7956A00C6D09A /* Search */ = {
			isa = PBXGroup;
			children = (
				C59BC20A2CE9F1E2009513DA /* Model */,
				C59BC2092CE9F1DE009513DA /* View */,
				C56311472CEBAE310028E0F2 /* ViewModel */,
				C5E91A592CEF807E00F2FDA3 /* Helper */,
			);
			path = Search;
			sourceTree = "<group>";
		};
		C56311412CEBA1860028E0F2 /* Home */ = {
			isa = PBXGroup;
			children = (
				C56311422CEBA1A10028E0F2 /* HomeResponse.swift */,
			);
			path = Home;
			sourceTree = "<group>";
		};
		C56311472CEBAE310028E0F2 /* ViewModel */ = {
			isa = PBXGroup;
			children = (
				C563119F2CEBC70B0028E0F2 /* ImageSearchViewModel.swift */,
				C5E91A772CF1D9E200F2FDA3 /* CustomSearchViewModel.swift */,
			);
			path = ViewModel;
			sourceTree = "<group>";
		};
		C563114B2CEBAEC90028E0F2 /* Helper */ = {
			isa = PBXGroup;
			children = (
				C5E91A8E2CF31DEA00F2FDA3 /* PageIndicator.swift */,
			);
			path = Helper;
			sourceTree = "<group>";
		};
		C563114C2CEBAECE0028E0F2 /* ViewModel */ = {
			isa = PBXGroup;
			children = (
				C5E91A752CF1CFC700F2FDA3 /* RecommendViewModel.swift */,
			);
			path = ViewModel;
			sourceTree = "<group>";
		};
		C563114D2CEBAED30028E0F2 /* View */ = {
			isa = PBXGroup;
			children = (
				C563119D2CEBC6F80028E0F2 /* Recommend.swift */,
			);
			path = View;
			sourceTree = "<group>";
		};
		C563114E2CEBAED70028E0F2 /* Model */ = {
			isa = PBXGroup;
			children = (
			);
			path = Model;
			sourceTree = "<group>";
		};
		C56311512CEBB1810028E0F2 /* Home */ = {
			isa = PBXGroup;
			children = (
				C56311522CEBB1B90028E0F2 /* HomeService.swift */,
			);
			path = Home;
			sourceTree = "<group>";
		};
		C56311542CEBB2730028E0F2 /* Home */ = {
			isa = PBXGroup;
			children = (
				C56311552CEBB2A10028E0F2 /* HomeAPI.swift */,
			);
			path = Home;
			sourceTree = "<group>";
		};
		C56311A12CED8ACF0028E0F2 /* Search */ = {
			isa = PBXGroup;
			children = (
				C56311A82CED8EEA0028E0F2 /* ImageSearchAPI.swift */,
				C5E91A732CF1CF1000F2FDA3 /* CustomSearchAPI.swift */,
			);
			path = Search;
			sourceTree = "<group>";
		};
		C56311A22CED8B220028E0F2 /* Search */ = {
			isa = PBXGroup;
			children = (
				C56311A32CED8B620028E0F2 /* ImageSearchResponse.swift */,
				C5E91A6F2CF1C7A700F2FDA3 /* CustomSearchResponse.swift */,
			);
			path = Search;
			sourceTree = "<group>";
		};
		C56311A52CED8BE90028E0F2 /* Search */ = {
			isa = PBXGroup;
			children = (
				C56311A62CED8BFA0028E0F2 /* ImageSearchService.swift */,
				C5E91A712CF1C8E600F2FDA3 /* CustomSearchService.swift */,
			);
			path = Search;
			sourceTree = "<group>";
		};
		C56311AC2CEE63090028E0F2 /* Support */ = {
			isa = PBXGroup;
			children = (
				C5E91A572CEF52DD00F2FDA3 /* KeyboardDismiss.swift */,
				C5FEB1592CE1E986007798C5 /* URLImage.swift */,
				C56311AD2CEE63260028E0F2 /* WrapLayout.swift */,
				C5E91A7B2CF240C600F2FDA3 /* PureToken.swift */,
			);
			path = Support;
			sourceTree = "<group>";
		};
		C57C0B342CFA2C4700A50283 /* Favorite */ = {
			isa = PBXGroup;
			children = (
				C57C0B352CFA2C8200A50283 /* FavoritePerfumeDTO.swift */,
			);
			path = Favorite;
			sourceTree = "<group>";
		};
		C59BC1FC2CE9EB94009513DA /* Model */ = {
			isa = PBXGroup;
			children = (
			);
			path = Model;
			sourceTree = "<group>";
		};
		C59BC1FD2CE9EB9B009513DA /* View */ = {
			isa = PBXGroup;
			children = (
				C59BC1FF2CE9EBC8009513DA /* PerfumeInfo.swift */,
			);
			path = View;
			sourceTree = "<group>";
		};
		C59BC1FE2CE9EB9F009513DA /* ViewModel */ = {
			isa = PBXGroup;
			children = (
			);
			path = ViewModel;
			sourceTree = "<group>";
		};
		C59BC2012CE9EC5E009513DA /* Helper */ = {
			isa = PBXGroup;
			children = (
			);
			path = Helper;
			sourceTree = "<group>";
		};
		C59BC2022CE9EC6B009513DA /* ViewModel */ = {
			isa = PBXGroup;
			children = (
			);
			path = ViewModel;
			sourceTree = "<group>";
		};
		C59BC2032CE9EC6F009513DA /* View */ = {
			isa = PBXGroup;
			children = (
				C59BC2052CE9EC84009513DA /* MyPage.swift */,
			);
			path = View;
			sourceTree = "<group>";
		};
		C59BC2042CE9EC73009513DA /* Model */ = {
			isa = PBXGroup;
			children = (
			);
			path = Model;
			sourceTree = "<group>";
		};
		C59BC2092CE9F1DE009513DA /* View */ = {
			isa = PBXGroup;
			children = (
				C59BC20B2CE9F1FB009513DA /* ImageSearch.swift */,
				C59BC20D2CE9F21A009513DA /* CustomSearch.swift */,
				C578A40A2CEA217B00636B45 /* NormalSearch.swift */,
			);
			path = View;
			sourceTree = "<group>";
		};
		C59BC20A2CE9F1E2009513DA /* Model */ = {
			isa = PBXGroup;
			children = (
				C56311AA2CEE5B850028E0F2 /* CustomSearchModel.swift */,
			);
			path = Model;
			sourceTree = "<group>";
		};
		C5E91A592CEF807E00F2FDA3 /* Helper */ = {
			isa = PBXGroup;
			children = (
			);
			path = Helper;
			sourceTree = "<group>";
		};
		C5E91A5A2CEF812800F2FDA3 /* Search */ = {
			isa = PBXGroup;
			children = (
				C5E91A5C2CEF81AA00F2FDA3 /* CustomSearchRequest.swift */,
			);
			path = Search;
			sourceTree = "<group>";
		};
		C5E91A922CF35EDB00F2FDA3 /* Helper */ = {
			isa = PBXGroup;
			children = (
				C514FE2A2CF9EB9600183044 /* CompareSheetListCell.swift */,
			);
			path = Helper;
			sourceTree = "<group>";
		};
		C5E91A932CF35EE700F2FDA3 /* ViewModel */ = {
			isa = PBXGroup;
			children = (
				C5E91AA22CF3A66D00F2FDA3 /* CompareViewModel.swift */,
				C514FE002CF994A700183044 /* CompareSheetViewModel.swift */,
			);
			path = ViewModel;
			sourceTree = "<group>";
		};
		C5E91A942CF35EED00F2FDA3 /* View */ = {
			isa = PBXGroup;
			children = (
				C5E91A962CF35F1700F2FDA3 /* CompareSheet.swift */,
				C5E91AA02CF3A60400F2FDA3 /* Compare.swift */,
			);
			path = View;
			sourceTree = "<group>";
		};
		C5E91A952CF35EF200F2FDA3 /* Model */ = {
			isa = PBXGroup;
			children = (
				C5E91AA42CF3AB6400F2FDA3 /* CompareModel.swift */,
				C514FE022CF994E300183044 /* CompareSheetModel.swift */,
			);
			path = Model;
			sourceTree = "<group>";
		};
		C5E91A982CF36B2A00F2FDA3 /* Favorite */ = {
			isa = PBXGroup;
			children = (
				C5E91A9C2CF36E7800F2FDA3 /* FavoriteAPI.swift */,
			);
			path = Favorite;
			sourceTree = "<group>";
		};
		C5E91A992CF36B5500F2FDA3 /* Favorite */ = {
			isa = PBXGroup;
			children = (
				C5E91A9A2CF36C5000F2FDA3 /* FavoriteService.swift */,
			);
			path = Favorite;
			sourceTree = "<group>";
		};
		C5E91AB92CF8B9B900F2FDA3 /* Compare */ = {
			isa = PBXGroup;
			children = (
				C5E91ABA2CF8B9C100F2FDA3 /* ComparePerfumeDTO.swift */,
				C514FE042CF9986200183044 /* CompareSheetDTO.swift */,
			);
			path = Compare;
			sourceTree = "<group>";
		};
		C5E91ABC2CF8C96600F2FDA3 /* Compare */ = {
			isa = PBXGroup;
			children = (
				C5E91ABD2CF8C96E00F2FDA3 /* CompareService.swift */,
			);
			path = Compare;
			sourceTree = "<group>";
		};
		C5E91ABF2CF8C9D900F2FDA3 /* Compare */ = {
			isa = PBXGroup;
			children = (
				C5E91AC02CF8CA0300F2FDA3 /* CompareAPI.swift */,
				C514FE062CF99A2800183044 /* CompareSheetAPI.swift */,
			);
			path = Compare;
			sourceTree = "<group>";
		};
		C5FDC9C62CCEA22900DD23F0 = {
			isa = PBXGroup;
			children = (
				C52CE1212CD7952E00C6D09A /* Perfuinder */,
				C5FDC9E22CCEA22B00DD23F0 /* PerfuinderTests */,
				C5FDC9EC2CCEA22B00DD23F0 /* PerfuinderUITests */,
				C5FDC9D02CCEA22900DD23F0 /* Products */,
			);
			sourceTree = "<group>";
		};
		C5FDC9D02CCEA22900DD23F0 /* Products */ = {
			isa = PBXGroup;
			children = (
				C5FDC9CF2CCEA22900DD23F0 /* Perfuinder.app */,
				C5FDC9DF2CCEA22B00DD23F0 /* PerfuinderTests.xctest */,
				C5FDC9E92CCEA22B00DD23F0 /* PerfuinderUITests.xctest */,
			);
			name = Products;
			sourceTree = "<group>";
		};
		C5FEB0F62CDE775F007798C5 /* Global */ = {
			isa = PBXGroup;
			children = (
				C56311AC2CEE63090028E0F2 /* Support */,
				C52CE11F2CD7952E00C6D09A /* ContentView.swift */,
				C52CE1202CD7952E00C6D09A /* PerfuinderApp.swift */,
				C5E91AA62CF3AC1F00F2FDA3 /* GlobalEnums.swift */,
			);
			path = Global;
			sourceTree = "<group>";
		};
		C5FEB0F72CDE7765007798C5 /* Network */ = {
			isa = PBXGroup;
			children = (
				C5FEB0F92CDE780C007798C5 /* API */,
				C5FEB0FA2CDE7814007798C5 /* Base */,
				C5FEB0FB2CDE7829007798C5 /* DTO */,
				C5FEB0FC2CDE782F007798C5 /* Service */,
			);
			path = Network;
			sourceTree = "<group>";
		};
		C5FEB0F82CDE776A007798C5 /* Presentation */ = {
			isa = PBXGroup;
			children = (
				C52CE12A2CD7953800C6D09A /* Home */,
				C52CE12B2CD7956A00C6D09A /* Search */,
				C5FEB1102CDE876F007798C5 /* Recommend */,
				C5FEB10F2CDE8769007798C5 /* Info */,
				C5FEB10E2CDE8765007798C5 /* Compare */,
				C5FEB10D2CDE875F007798C5 /* MyPage */,
			);
			path = Presentation;
			sourceTree = "<group>";
		};
		C5FEB0F92CDE780C007798C5 /* API */ = {
			isa = PBXGroup;
			children = (
				C56311542CEBB2730028E0F2 /* Home */,
				C56311A12CED8ACF0028E0F2 /* Search */,
				C5E91A982CF36B2A00F2FDA3 /* Favorite */,
				C5E91ABF2CF8C9D900F2FDA3 /* Compare */,
			);
			path = API;
			sourceTree = "<group>";
		};
		C5FEB0FA2CDE7814007798C5 /* Base */ = {
			isa = PBXGroup;
			children = (
				C50698122CEA598500341A50 /* APIConstants.swift */,
				C50698132CEA598500341A50 /* APIEventLogger.swift */,
				C50698142CEA598500341A50 /* BaseAPI.swift */,
				C50698152CEA598500341A50 /* CommonResponse.swift */,
				C50698162CEA598500341A50 /* HTTPHeaderField.swift */,
				C50698182CEA598500341A50 /* NetworkResult.swift */,
				C50698192CEA598500341A50 /* TargetType.swift */,
				C50698242CEA69F900341A50 /* Data+Extensions.swift */,
			);
			path = Base;
			sourceTree = "<group>";
		};
		C5FEB0FB2CDE7829007798C5 /* DTO */ = {
			isa = PBXGroup;
			children = (
				C50698222CEA604D00341A50 /* Request */,
				C50698232CEA605700341A50 /* Response */,
			);
			path = DTO;
			sourceTree = "<group>";
		};
		C5FEB0FC2CDE782F007798C5 /* Service */ = {
			isa = PBXGroup;
			children = (
				C56311512CEBB1810028E0F2 /* Home */,
				C56311A52CED8BE90028E0F2 /* Search */,
				C5E91A992CF36B5500F2FDA3 /* Favorite */,
				C5E91ABC2CF8C96600F2FDA3 /* Compare */,
			);
			path = Service;
			sourceTree = "<group>";
		};
		C5FEB10D2CDE875F007798C5 /* MyPage */ = {
			isa = PBXGroup;
			children = (
				C59BC2042CE9EC73009513DA /* Model */,
				C59BC2032CE9EC6F009513DA /* View */,
				C59BC2022CE9EC6B009513DA /* ViewModel */,
				C59BC2012CE9EC5E009513DA /* Helper */,
			);
			path = MyPage;
			sourceTree = "<group>";
		};
		C5FEB10E2CDE8765007798C5 /* Compare */ = {
			isa = PBXGroup;
			children = (
				C5E91A952CF35EF200F2FDA3 /* Model */,
				C5E91A942CF35EED00F2FDA3 /* View */,
				C5E91A932CF35EE700F2FDA3 /* ViewModel */,
				C5E91A922CF35EDB00F2FDA3 /* Helper */,
			);
			path = Compare;
			sourceTree = "<group>";
		};
		C5FEB10F2CDE8769007798C5 /* Info */ = {
			isa = PBXGroup;
			children = (
				C59BC1FC2CE9EB94009513DA /* Model */,
				C59BC1FD2CE9EB9B009513DA /* View */,
				C59BC1FE2CE9EB9F009513DA /* ViewModel */,
			);
			path = Info;
			sourceTree = "<group>";
		};
		C5FEB1102CDE876F007798C5 /* Recommend */ = {
			isa = PBXGroup;
			children = (
				C563114E2CEBAED70028E0F2 /* Model */,
				C563114D2CEBAED30028E0F2 /* View */,
				C563114C2CEBAECE0028E0F2 /* ViewModel */,
				C563114B2CEBAEC90028E0F2 /* Helper */,
			);
			path = Recommend;
			sourceTree = "<group>";
		};
		C5FEB1112CDE87BD007798C5 /* Helper */ = {
			isa = PBXGroup;
			children = (
				C5FEB1572CE1E598007798C5 /* HomeListCell.swift */,
			);
			path = Helper;
			sourceTree = "<group>";
		};
		C5FEB1122CDE87C3007798C5 /* ViewModel */ = {
			isa = PBXGroup;
			children = (
				C5FEB15B2CE1EA81007798C5 /* HomeViewModel.swift */,
			);
			path = ViewModel;
			sourceTree = "<group>";
		};
		C5FEB1132CDE87C9007798C5 /* View */ = {
			isa = PBXGroup;
			children = (
				C5FEB1552CE1E40F007798C5 /* Home.swift */,
			);
			path = View;
			sourceTree = "<group>";
		};
		C5FEB1142CDE87CC007798C5 /* Model */ = {
			isa = PBXGroup;
			children = (
				C5FEB1152CDE87E8007798C5 /* HomeModel.swift */,
			);
			path = Model;
			sourceTree = "<group>";
		};
/* End PBXGroup section */

/* Begin PBXNativeTarget section */
		C5FDC9CE2CCEA22900DD23F0 /* Perfuinder */ = {
			isa = PBXNativeTarget;
			buildConfigurationList = C5FDC9F32CCEA22B00DD23F0 /* Build configuration list for PBXNativeTarget "Perfuinder" */;
			buildPhases = (
				C5FDC9CB2CCEA22900DD23F0 /* Sources */,
				C5FDC9CC2CCEA22900DD23F0 /* Frameworks */,
				C5FDC9CD2CCEA22900DD23F0 /* Resources */,
			);
			buildRules = (
			);
			dependencies = (
			);
			name = Perfuinder;
			packageProductDependencies = (
				C5FEB15E2CE1EC9D007798C5 /* Alamofire */,
			);
			productName = Perfuinder;
			productReference = C5FDC9CF2CCEA22900DD23F0 /* Perfuinder.app */;
			productType = "com.apple.product-type.application";
		};
		C5FDC9DE2CCEA22B00DD23F0 /* PerfuinderTests */ = {
			isa = PBXNativeTarget;
			buildConfigurationList = C5FDC9F62CCEA22B00DD23F0 /* Build configuration list for PBXNativeTarget "PerfuinderTests" */;
			buildPhases = (
				C5FDC9DB2CCEA22B00DD23F0 /* Sources */,
				C5FDC9DC2CCEA22B00DD23F0 /* Frameworks */,
				C5FDC9DD2CCEA22B00DD23F0 /* Resources */,
			);
			buildRules = (
			);
			dependencies = (
				C5FDC9E12CCEA22B00DD23F0 /* PBXTargetDependency */,
			);
			fileSystemSynchronizedGroups = (
				C5FDC9E22CCEA22B00DD23F0 /* PerfuinderTests */,
			);
			name = PerfuinderTests;
			packageProductDependencies = (
			);
			productName = PerfuinderTests;
			productReference = C5FDC9DF2CCEA22B00DD23F0 /* PerfuinderTests.xctest */;
			productType = "com.apple.product-type.bundle.unit-test";
		};
		C5FDC9E82CCEA22B00DD23F0 /* PerfuinderUITests */ = {
			isa = PBXNativeTarget;
			buildConfigurationList = C5FDC9F92CCEA22B00DD23F0 /* Build configuration list for PBXNativeTarget "PerfuinderUITests" */;
			buildPhases = (
				C5FDC9E52CCEA22B00DD23F0 /* Sources */,
				C5FDC9E62CCEA22B00DD23F0 /* Frameworks */,
				C5FDC9E72CCEA22B00DD23F0 /* Resources */,
			);
			buildRules = (
			);
			dependencies = (
				C5FDC9EB2CCEA22B00DD23F0 /* PBXTargetDependency */,
			);
			fileSystemSynchronizedGroups = (
				C5FDC9EC2CCEA22B00DD23F0 /* PerfuinderUITests */,
			);
			name = PerfuinderUITests;
			packageProductDependencies = (
			);
			productName = PerfuinderUITests;
			productReference = C5FDC9E92CCEA22B00DD23F0 /* PerfuinderUITests.xctest */;
			productType = "com.apple.product-type.bundle.ui-testing";
		};
/* End PBXNativeTarget section */

/* Begin PBXProject section */
		C5FDC9C72CCEA22900DD23F0 /* Project object */ = {
			isa = PBXProject;
			attributes = {
				BuildIndependentTargetsInParallel = 1;
				LastSwiftUpdateCheck = 1600;
				LastUpgradeCheck = 1600;
				TargetAttributes = {
					C5FDC9CE2CCEA22900DD23F0 = {
						CreatedOnToolsVersion = 16.0;
					};
					C5FDC9DE2CCEA22B00DD23F0 = {
						CreatedOnToolsVersion = 16.0;
						TestTargetID = C5FDC9CE2CCEA22900DD23F0;
					};
					C5FDC9E82CCEA22B00DD23F0 = {
						CreatedOnToolsVersion = 16.0;
						TestTargetID = C5FDC9CE2CCEA22900DD23F0;
					};
				};
			};
			buildConfigurationList = C5FDC9CA2CCEA22900DD23F0 /* Build configuration list for PBXProject "Perfuinder" */;
			developmentRegion = en;
			hasScannedForEncodings = 0;
			knownRegions = (
				en,
				Base,
			);
			mainGroup = C5FDC9C62CCEA22900DD23F0;
			minimizedProjectReferenceProxies = 1;
			packageReferences = (
				C5FEB15D2CE1EC9C007798C5 /* XCRemoteSwiftPackageReference "Alamofire" */,
			);
			preferredProjectObjectVersion = 77;
			productRefGroup = C5FDC9D02CCEA22900DD23F0 /* Products */;
			projectDirPath = "";
			projectRoot = "";
			targets = (
				C5FDC9CE2CCEA22900DD23F0 /* Perfuinder */,
				C5FDC9DE2CCEA22B00DD23F0 /* PerfuinderTests */,
				C5FDC9E82CCEA22B00DD23F0 /* PerfuinderUITests */,
			);
		};
/* End PBXProject section */

/* Begin PBXResourcesBuildPhase section */
		C5FDC9CD2CCEA22900DD23F0 /* Resources */ = {
			isa = PBXResourcesBuildPhase;
			buildActionMask = 2147483647;
			files = (
				C52CE1282CD7952E00C6D09A /* Assets.xcassets in Resources */,
				C52CE1292CD7952E00C6D09A /* Preview Assets.xcassets in Resources */,
			);
			runOnlyForDeploymentPostprocessing = 0;
		};
		C5FDC9DD2CCEA22B00DD23F0 /* Resources */ = {
			isa = PBXResourcesBuildPhase;
			buildActionMask = 2147483647;
			files = (
			);
			runOnlyForDeploymentPostprocessing = 0;
		};
		C5FDC9E72CCEA22B00DD23F0 /* Resources */ = {
			isa = PBXResourcesBuildPhase;
			buildActionMask = 2147483647;
			files = (
			);
			runOnlyForDeploymentPostprocessing = 0;
		};
/* End PBXResourcesBuildPhase section */

/* Begin PBXSourcesBuildPhase section */
		C5FDC9CB2CCEA22900DD23F0 /* Sources */ = {
			isa = PBXSourcesBuildPhase;
			buildActionMask = 2147483647;
			files = (
				C514FE012CF994A700183044 /* CompareSheetViewModel.swift in Sources */,
				C56311A42CED8B620028E0F2 /* ImageSearchResponse.swift in Sources */,
				C5E91A742CF1CF1000F2FDA3 /* CustomSearchAPI.swift in Sources */,
				C5E91A7C2CF240C600F2FDA3 /* PureToken.swift in Sources */,
				C52CE1262CD7952E00C6D09A /* ContentView.swift in Sources */,
				C5FEB15A2CE1E986007798C5 /* URLImage.swift in Sources */,
				C5FEB15C2CE1EA81007798C5 /* HomeViewModel.swift in Sources */,
				C59BC20C2CE9F1FB009513DA /* ImageSearch.swift in Sources */,
				C56311562CEBB2A10028E0F2 /* HomeAPI.swift in Sources */,
				C5E91A8F2CF31DEA00F2FDA3 /* PageIndicator.swift in Sources */,
				C56311A92CED8EEA0028E0F2 /* ImageSearchAPI.swift in Sources */,
				C514FE072CF99A2800183044 /* CompareSheetAPI.swift in Sources */,
				C5E91AA72CF3AC2800F2FDA3 /* GlobalEnums.swift in Sources */,
				C5E91A972CF35F1700F2FDA3 /* CompareSheet.swift in Sources */,
				C56311AE2CEE63260028E0F2 /* WrapLayout.swift in Sources */,
				C506981A2CEA598500341A50 /* APIEventLogger.swift in Sources */,
				C506981B2CEA598500341A50 /* HTTPHeaderField.swift in Sources */,
				C506981C2CEA598500341A50 /* NetworkResult.swift in Sources */,
				C57C0B362CFA2C8200A50283 /* FavoritePerfumeDTO.swift in Sources */,
				C506981D2CEA598500341A50 /* CommonResponse.swift in Sources */,
				C514FE032CF994E300183044 /* CompareSheetModel.swift in Sources */,
				C506981E2CEA598500341A50 /* TargetType.swift in Sources */,
				C5E91A702CF1C7A700F2FDA3 /* CustomSearchResponse.swift in Sources */,
				C5E91A9B2CF36C5000F2FDA3 /* FavoriteService.swift in Sources */,
				C5E91A722CF1C8E600F2FDA3 /* CustomSearchService.swift in Sources */,
				C50698252CEA69F900341A50 /* Data+Extensions.swift in Sources */,
				C5E91AA32CF3A66D00F2FDA3 /* CompareViewModel.swift in Sources */,
				C5E91A5D2CEF81AA00F2FDA3 /* CustomSearchRequest.swift in Sources */,
				C5E91AA12CF3A60500F2FDA3 /* Compare.swift in Sources */,
				C56311AB2CEE5B850028E0F2 /* CustomSearchModel.swift in Sources */,
				C506981F2CEA598500341A50 /* APIConstants.swift in Sources */,
				C56311432CEBA1A50028E0F2 /* HomeResponse.swift in Sources */,
				C5E91ABB2CF8BA1700F2FDA3 /* ComparePerfumeDTO.swift in Sources */,
				C50698202CEA598500341A50 /* BaseAPI.swift in Sources */,
				C56311A72CED8BFA0028E0F2 /* ImageSearchService.swift in Sources */,
				C578A40B2CEA217B00636B45 /* NormalSearch.swift in Sources */,
				C514FE2B2CF9EB9600183044 /* CompareSheetListCell.swift in Sources */,
				C5E91A9D2CF36E7800F2FDA3 /* FavoriteAPI.swift in Sources */,
				C5E91A782CF1D9E200F2FDA3 /* CustomSearchViewModel.swift in Sources */,
				C563119E2CEBC6F80028E0F2 /* Recommend.swift in Sources */,
				C5E91A762CF1CFC700F2FDA3 /* RecommendViewModel.swift in Sources */,
				C5FEB1582CE1E598007798C5 /* HomeListCell.swift in Sources */,
				C514FE052CF9986200183044 /* CompareSheetDTO.swift in Sources */,
				C5E91AC12CF8CA0300F2FDA3 /* CompareAPI.swift in Sources */,
				C59BC2002CE9EBC8009513DA /* PerfumeInfo.swift in Sources */,
				C59BC20E2CE9F21A009513DA /* CustomSearch.swift in Sources */,
				C5E91ABE2CF8C97100F2FDA3 /* CompareService.swift in Sources */,
				C56311A02CEBC70B0028E0F2 /* ImageSearchViewModel.swift in Sources */,
				C52CE1272CD7952E00C6D09A /* PerfuinderApp.swift in Sources */,
				C5FEB1162CDE87E8007798C5 /* HomeModel.swift in Sources */,
				C5E91AA52CF3AB6400F2FDA3 /* CompareModel.swift in Sources */,
				C56311532CEBB1B90028E0F2 /* HomeService.swift in Sources */,
				C5E91A582CEF52E800F2FDA3 /* KeyboardDismiss.swift in Sources */,
				C5FEB1562CE1E40F007798C5 /* Home.swift in Sources */,
				C59BC2062CE9EC84009513DA /* MyPage.swift in Sources */,
			);
			runOnlyForDeploymentPostprocessing = 0;
		};
		C5FDC9DB2CCEA22B00DD23F0 /* Sources */ = {
			isa = PBXSourcesBuildPhase;
			buildActionMask = 2147483647;
			files = (
			);
			runOnlyForDeploymentPostprocessing = 0;
		};
		C5FDC9E52CCEA22B00DD23F0 /* Sources */ = {
			isa = PBXSourcesBuildPhase;
			buildActionMask = 2147483647;
			files = (
			);
			runOnlyForDeploymentPostprocessing = 0;
		};
/* End PBXSourcesBuildPhase section */

/* Begin PBXTargetDependency section */
		C5FDC9E12CCEA22B00DD23F0 /* PBXTargetDependency */ = {
			isa = PBXTargetDependency;
			target = C5FDC9CE2CCEA22900DD23F0 /* Perfuinder */;
			targetProxy = C5FDC9E02CCEA22B00DD23F0 /* PBXContainerItemProxy */;
		};
		C5FDC9EB2CCEA22B00DD23F0 /* PBXTargetDependency */ = {
			isa = PBXTargetDependency;
			target = C5FDC9CE2CCEA22900DD23F0 /* Perfuinder */;
			targetProxy = C5FDC9EA2CCEA22B00DD23F0 /* PBXContainerItemProxy */;
		};
/* End PBXTargetDependency section */

/* Begin XCBuildConfiguration section */
		C5FDC9F12CCEA22B00DD23F0 /* Debug */ = {
			isa = XCBuildConfiguration;
			buildSettings = {
				ALWAYS_SEARCH_USER_PATHS = NO;
				ASSETCATALOG_COMPILER_GENERATE_SWIFT_ASSET_SYMBOL_EXTENSIONS = YES;
				CLANG_ANALYZER_NONNULL = YES;
				CLANG_ANALYZER_NUMBER_OBJECT_CONVERSION = YES_AGGRESSIVE;
				CLANG_CXX_LANGUAGE_STANDARD = "gnu++20";
				CLANG_ENABLE_MODULES = YES;
				CLANG_ENABLE_OBJC_ARC = YES;
				CLANG_ENABLE_OBJC_WEAK = YES;
				CLANG_WARN_BLOCK_CAPTURE_AUTORELEASING = YES;
				CLANG_WARN_BOOL_CONVERSION = YES;
				CLANG_WARN_COMMA = YES;
				CLANG_WARN_CONSTANT_CONVERSION = YES;
				CLANG_WARN_DEPRECATED_OBJC_IMPLEMENTATIONS = YES;
				CLANG_WARN_DIRECT_OBJC_ISA_USAGE = YES_ERROR;
				CLANG_WARN_DOCUMENTATION_COMMENTS = YES;
				CLANG_WARN_EMPTY_BODY = YES;
				CLANG_WARN_ENUM_CONVERSION = YES;
				CLANG_WARN_INFINITE_RECURSION = YES;
				CLANG_WARN_INT_CONVERSION = YES;
				CLANG_WARN_NON_LITERAL_NULL_CONVERSION = YES;
				CLANG_WARN_OBJC_IMPLICIT_RETAIN_SELF = YES;
				CLANG_WARN_OBJC_LITERAL_CONVERSION = YES;
				CLANG_WARN_OBJC_ROOT_CLASS = YES_ERROR;
				CLANG_WARN_QUOTED_INCLUDE_IN_FRAMEWORK_HEADER = YES;
				CLANG_WARN_RANGE_LOOP_ANALYSIS = YES;
				CLANG_WARN_STRICT_PROTOTYPES = YES;
				CLANG_WARN_SUSPICIOUS_MOVE = YES;
				CLANG_WARN_UNGUARDED_AVAILABILITY = YES_AGGRESSIVE;
				CLANG_WARN_UNREACHABLE_CODE = YES;
				CLANG_WARN__DUPLICATE_METHOD_MATCH = YES;
				COPY_PHASE_STRIP = NO;
				DEBUG_INFORMATION_FORMAT = dwarf;
				ENABLE_STRICT_OBJC_MSGSEND = YES;
				ENABLE_TESTABILITY = YES;
				ENABLE_USER_SCRIPT_SANDBOXING = YES;
				GCC_C_LANGUAGE_STANDARD = gnu17;
				GCC_DYNAMIC_NO_PIC = NO;
				GCC_NO_COMMON_BLOCKS = YES;
				GCC_OPTIMIZATION_LEVEL = 0;
				GCC_PREPROCESSOR_DEFINITIONS = (
					"DEBUG=1",
					"$(inherited)",
				);
				GCC_WARN_64_TO_32_BIT_CONVERSION = YES;
				GCC_WARN_ABOUT_RETURN_TYPE = YES_ERROR;
				GCC_WARN_UNDECLARED_SELECTOR = YES;
				GCC_WARN_UNINITIALIZED_AUTOS = YES_AGGRESSIVE;
				GCC_WARN_UNUSED_FUNCTION = YES;
				GCC_WARN_UNUSED_VARIABLE = YES;
				IPHONEOS_DEPLOYMENT_TARGET = 18.0;
				LOCALIZATION_PREFERS_STRING_CATALOGS = YES;
				MTL_ENABLE_DEBUG_INFO = INCLUDE_SOURCE;
				MTL_FAST_MATH = YES;
				ONLY_ACTIVE_ARCH = YES;
				SDKROOT = iphoneos;
				SWIFT_ACTIVE_COMPILATION_CONDITIONS = "DEBUG $(inherited)";
				SWIFT_OPTIMIZATION_LEVEL = "-Onone";
			};
			name = Debug;
		};
		C5FDC9F22CCEA22B00DD23F0 /* Release */ = {
			isa = XCBuildConfiguration;
			buildSettings = {
				ALWAYS_SEARCH_USER_PATHS = NO;
				ASSETCATALOG_COMPILER_GENERATE_SWIFT_ASSET_SYMBOL_EXTENSIONS = YES;
				CLANG_ANALYZER_NONNULL = YES;
				CLANG_ANALYZER_NUMBER_OBJECT_CONVERSION = YES_AGGRESSIVE;
				CLANG_CXX_LANGUAGE_STANDARD = "gnu++20";
				CLANG_ENABLE_MODULES = YES;
				CLANG_ENABLE_OBJC_ARC = YES;
				CLANG_ENABLE_OBJC_WEAK = YES;
				CLANG_WARN_BLOCK_CAPTURE_AUTORELEASING = YES;
				CLANG_WARN_BOOL_CONVERSION = YES;
				CLANG_WARN_COMMA = YES;
				CLANG_WARN_CONSTANT_CONVERSION = YES;
				CLANG_WARN_DEPRECATED_OBJC_IMPLEMENTATIONS = YES;
				CLANG_WARN_DIRECT_OBJC_ISA_USAGE = YES_ERROR;
				CLANG_WARN_DOCUMENTATION_COMMENTS = YES;
				CLANG_WARN_EMPTY_BODY = YES;
				CLANG_WARN_ENUM_CONVERSION = YES;
				CLANG_WARN_INFINITE_RECURSION = YES;
				CLANG_WARN_INT_CONVERSION = YES;
				CLANG_WARN_NON_LITERAL_NULL_CONVERSION = YES;
				CLANG_WARN_OBJC_IMPLICIT_RETAIN_SELF = YES;
				CLANG_WARN_OBJC_LITERAL_CONVERSION = YES;
				CLANG_WARN_OBJC_ROOT_CLASS = YES_ERROR;
				CLANG_WARN_QUOTED_INCLUDE_IN_FRAMEWORK_HEADER = YES;
				CLANG_WARN_RANGE_LOOP_ANALYSIS = YES;
				CLANG_WARN_STRICT_PROTOTYPES = YES;
				CLANG_WARN_SUSPICIOUS_MOVE = YES;
				CLANG_WARN_UNGUARDED_AVAILABILITY = YES_AGGRESSIVE;
				CLANG_WARN_UNREACHABLE_CODE = YES;
				CLANG_WARN__DUPLICATE_METHOD_MATCH = YES;
				COPY_PHASE_STRIP = NO;
				DEBUG_INFORMATION_FORMAT = "dwarf-with-dsym";
				ENABLE_NS_ASSERTIONS = NO;
				ENABLE_STRICT_OBJC_MSGSEND = YES;
				ENABLE_USER_SCRIPT_SANDBOXING = YES;
				GCC_C_LANGUAGE_STANDARD = gnu17;
				GCC_NO_COMMON_BLOCKS = YES;
				GCC_WARN_64_TO_32_BIT_CONVERSION = YES;
				GCC_WARN_ABOUT_RETURN_TYPE = YES_ERROR;
				GCC_WARN_UNDECLARED_SELECTOR = YES;
				GCC_WARN_UNINITIALIZED_AUTOS = YES_AGGRESSIVE;
				GCC_WARN_UNUSED_FUNCTION = YES;
				GCC_WARN_UNUSED_VARIABLE = YES;
				IPHONEOS_DEPLOYMENT_TARGET = 18.0;
				LOCALIZATION_PREFERS_STRING_CATALOGS = YES;
				MTL_ENABLE_DEBUG_INFO = NO;
				MTL_FAST_MATH = YES;
				SDKROOT = iphoneos;
				SWIFT_COMPILATION_MODE = wholemodule;
				VALIDATE_PRODUCT = YES;
			};
			name = Release;
		};
		C5FDC9F42CCEA22B00DD23F0 /* Debug */ = {
			isa = XCBuildConfiguration;
			buildSettings = {
				ASSETCATALOG_COMPILER_APPICON_NAME = AppIcon;
				ASSETCATALOG_COMPILER_GLOBAL_ACCENT_COLOR_NAME = AccentColor;
				CODE_SIGN_STYLE = Automatic;
				CURRENT_PROJECT_VERSION = 1;
				DEVELOPMENT_ASSET_PATHS = "\"Perfuinder/Preview Content\"";
				DEVELOPMENT_TEAM = ZUGAVD3728;
				ENABLE_PREVIEWS = YES;
				GENERATE_INFOPLIST_FILE = YES;
				INFOPLIST_FILE = Perfuinder/Info.plist;
				INFOPLIST_KEY_UIApplicationSceneManifest_Generation = YES;
				INFOPLIST_KEY_UIApplicationSupportsIndirectInputEvents = YES;
				INFOPLIST_KEY_UILaunchScreen_Generation = YES;
				INFOPLIST_KEY_UISupportedInterfaceOrientations_iPad = "UIInterfaceOrientationPortrait UIInterfaceOrientationPortraitUpsideDown UIInterfaceOrientationLandscapeLeft UIInterfaceOrientationLandscapeRight";
				INFOPLIST_KEY_UISupportedInterfaceOrientations_iPhone = "UIInterfaceOrientationPortrait UIInterfaceOrientationLandscapeLeft UIInterfaceOrientationLandscapeRight";
				LD_RUNPATH_SEARCH_PATHS = (
					"$(inherited)",
					"@executable_path/Frameworks",
				);
				MARKETING_VERSION = 1.0;
				PRODUCT_BUNDLE_IDENTIFIER = com.Perfuinder.Perfuinder;
				PRODUCT_NAME = "$(TARGET_NAME)";
				SWIFT_EMIT_LOC_STRINGS = YES;
				SWIFT_VERSION = 5.0;
				TARGETED_DEVICE_FAMILY = "1,2";
			};
			name = Debug;
		};
		C5FDC9F52CCEA22B00DD23F0 /* Release */ = {
			isa = XCBuildConfiguration;
			buildSettings = {
				ASSETCATALOG_COMPILER_APPICON_NAME = AppIcon;
				ASSETCATALOG_COMPILER_GLOBAL_ACCENT_COLOR_NAME = AccentColor;
				CODE_SIGN_STYLE = Automatic;
				CURRENT_PROJECT_VERSION = 1;
				DEVELOPMENT_ASSET_PATHS = "\"Perfuinder/Preview Content\"";
				DEVELOPMENT_TEAM = ZUGAVD3728;
				ENABLE_PREVIEWS = YES;
				GENERATE_INFOPLIST_FILE = YES;
				INFOPLIST_FILE = Perfuinder/Info.plist;
				INFOPLIST_KEY_UIApplicationSceneManifest_Generation = YES;
				INFOPLIST_KEY_UIApplicationSupportsIndirectInputEvents = YES;
				INFOPLIST_KEY_UILaunchScreen_Generation = YES;
				INFOPLIST_KEY_UISupportedInterfaceOrientations_iPad = "UIInterfaceOrientationPortrait UIInterfaceOrientationPortraitUpsideDown UIInterfaceOrientationLandscapeLeft UIInterfaceOrientationLandscapeRight";
				INFOPLIST_KEY_UISupportedInterfaceOrientations_iPhone = "UIInterfaceOrientationPortrait UIInterfaceOrientationLandscapeLeft UIInterfaceOrientationLandscapeRight";
				LD_RUNPATH_SEARCH_PATHS = (
					"$(inherited)",
					"@executable_path/Frameworks",
				);
				MARKETING_VERSION = 1.0;
				PRODUCT_BUNDLE_IDENTIFIER = com.Perfuinder.Perfuinder;
				PRODUCT_NAME = "$(TARGET_NAME)";
				SWIFT_EMIT_LOC_STRINGS = YES;
				SWIFT_VERSION = 5.0;
				TARGETED_DEVICE_FAMILY = "1,2";
			};
			name = Release;
		};
		C5FDC9F72CCEA22B00DD23F0 /* Debug */ = {
			isa = XCBuildConfiguration;
			buildSettings = {
				BUNDLE_LOADER = "$(TEST_HOST)";
				CODE_SIGN_STYLE = Automatic;
				CURRENT_PROJECT_VERSION = 1;
				DEVELOPMENT_TEAM = ZUGAVD3728;
				GENERATE_INFOPLIST_FILE = YES;
				IPHONEOS_DEPLOYMENT_TARGET = 18.0;
				MARKETING_VERSION = 1.0;
				PRODUCT_BUNDLE_IDENTIFIER = com.Perfuinder.PerfuinderTests;
				PRODUCT_NAME = "$(TARGET_NAME)";
				SWIFT_EMIT_LOC_STRINGS = NO;
				SWIFT_VERSION = 5.0;
				TARGETED_DEVICE_FAMILY = "1,2";
				TEST_HOST = "$(BUILT_PRODUCTS_DIR)/Perfuinder.app/$(BUNDLE_EXECUTABLE_FOLDER_PATH)/Perfuinder";
			};
			name = Debug;
		};
		C5FDC9F82CCEA22B00DD23F0 /* Release */ = {
			isa = XCBuildConfiguration;
			buildSettings = {
				BUNDLE_LOADER = "$(TEST_HOST)";
				CODE_SIGN_STYLE = Automatic;
				CURRENT_PROJECT_VERSION = 1;
				DEVELOPMENT_TEAM = ZUGAVD3728;
				GENERATE_INFOPLIST_FILE = YES;
				IPHONEOS_DEPLOYMENT_TARGET = 18.0;
				MARKETING_VERSION = 1.0;
				PRODUCT_BUNDLE_IDENTIFIER = com.Perfuinder.PerfuinderTests;
				PRODUCT_NAME = "$(TARGET_NAME)";
				SWIFT_EMIT_LOC_STRINGS = NO;
				SWIFT_VERSION = 5.0;
				TARGETED_DEVICE_FAMILY = "1,2";
				TEST_HOST = "$(BUILT_PRODUCTS_DIR)/Perfuinder.app/$(BUNDLE_EXECUTABLE_FOLDER_PATH)/Perfuinder";
			};
			name = Release;
		};
		C5FDC9FA2CCEA22B00DD23F0 /* Debug */ = {
			isa = XCBuildConfiguration;
			buildSettings = {
				CODE_SIGN_STYLE = Automatic;
				CURRENT_PROJECT_VERSION = 1;
				DEVELOPMENT_TEAM = ZUGAVD3728;
				GENERATE_INFOPLIST_FILE = YES;
				MARKETING_VERSION = 1.0;
				PRODUCT_BUNDLE_IDENTIFIER = com.Perfuinder.PerfuinderUITests;
				PRODUCT_NAME = "$(TARGET_NAME)";
				SWIFT_EMIT_LOC_STRINGS = NO;
				SWIFT_VERSION = 5.0;
				TARGETED_DEVICE_FAMILY = "1,2";
				TEST_TARGET_NAME = Perfuinder;
			};
			name = Debug;
		};
		C5FDC9FB2CCEA22B00DD23F0 /* Release */ = {
			isa = XCBuildConfiguration;
			buildSettings = {
				CODE_SIGN_STYLE = Automatic;
				CURRENT_PROJECT_VERSION = 1;
				DEVELOPMENT_TEAM = ZUGAVD3728;
				GENERATE_INFOPLIST_FILE = YES;
				MARKETING_VERSION = 1.0;
				PRODUCT_BUNDLE_IDENTIFIER = com.Perfuinder.PerfuinderUITests;
				PRODUCT_NAME = "$(TARGET_NAME)";
				SWIFT_EMIT_LOC_STRINGS = NO;
				SWIFT_VERSION = 5.0;
				TARGETED_DEVICE_FAMILY = "1,2";
				TEST_TARGET_NAME = Perfuinder;
			};
			name = Release;
		};
/* End XCBuildConfiguration section */

/* Begin XCConfigurationList section */
		C5FDC9CA2CCEA22900DD23F0 /* Build configuration list for PBXProject "Perfuinder" */ = {
			isa = XCConfigurationList;
			buildConfigurations = (
				C5FDC9F12CCEA22B00DD23F0 /* Debug */,
				C5FDC9F22CCEA22B00DD23F0 /* Release */,
			);
			defaultConfigurationIsVisible = 0;
			defaultConfigurationName = Release;
		};
		C5FDC9F32CCEA22B00DD23F0 /* Build configuration list for PBXNativeTarget "Perfuinder" */ = {
			isa = XCConfigurationList;
			buildConfigurations = (
				C5FDC9F42CCEA22B00DD23F0 /* Debug */,
				C5FDC9F52CCEA22B00DD23F0 /* Release */,
			);
			defaultConfigurationIsVisible = 0;
			defaultConfigurationName = Release;
		};
		C5FDC9F62CCEA22B00DD23F0 /* Build configuration list for PBXNativeTarget "PerfuinderTests" */ = {
			isa = XCConfigurationList;
			buildConfigurations = (
				C5FDC9F72CCEA22B00DD23F0 /* Debug */,
				C5FDC9F82CCEA22B00DD23F0 /* Release */,
			);
			defaultConfigurationIsVisible = 0;
			defaultConfigurationName = Release;
		};
		C5FDC9F92CCEA22B00DD23F0 /* Build configuration list for PBXNativeTarget "PerfuinderUITests" */ = {
			isa = XCConfigurationList;
			buildConfigurations = (
				C5FDC9FA2CCEA22B00DD23F0 /* Debug */,
				C5FDC9FB2CCEA22B00DD23F0 /* Release */,
			);
			defaultConfigurationIsVisible = 0;
			defaultConfigurationName = Release;
		};
/* End XCConfigurationList section */

/* Begin XCRemoteSwiftPackageReference section */
		C5FEB15D2CE1EC9C007798C5 /* XCRemoteSwiftPackageReference "Alamofire" */ = {
			isa = XCRemoteSwiftPackageReference;
			repositoryURL = "https://github.com/Alamofire/Alamofire.git";
			requirement = {
				kind = upToNextMajorVersion;
				minimumVersion = 5.10.1;
			};
		};
/* End XCRemoteSwiftPackageReference section */

/* Begin XCSwiftPackageProductDependency section */
		C5FEB15E2CE1EC9D007798C5 /* Alamofire */ = {
			isa = XCSwiftPackageProductDependency;
			package = C5FEB15D2CE1EC9C007798C5 /* XCRemoteSwiftPackageReference "Alamofire" */;
			productName = Alamofire;
		};
/* End XCSwiftPackageProductDependency section */
	};
	rootObject = C5FDC9C72CCEA22900DD23F0 /* Project object */;
}
